// !$*UTF8*$!
{
	archiveVersion = 1;
	classes = {
	};
	objectVersion = 46;
	objects = {

/* Begin PBXBuildFile section */
		4830CB031CAF626F006323DA /* AppDelegate.swift in Sources */ = {isa = PBXBuildFile; fileRef = 4830CB021CAF626F006323DA /* AppDelegate.swift */; };
		4830CB051CAF626F006323DA /* ViewController.swift in Sources */ = {isa = PBXBuildFile; fileRef = 4830CB041CAF626F006323DA /* ViewController.swift */; };
		4830CB081CAF626F006323DA /* Main.storyboard in Resources */ = {isa = PBXBuildFile; fileRef = 4830CB061CAF626F006323DA /* Main.storyboard */; };
		4830CB0A1CAF626F006323DA /* Assets.xcassets in Resources */ = {isa = PBXBuildFile; fileRef = 4830CB091CAF626F006323DA /* Assets.xcassets */; };
		4830CB0D1CAF626F006323DA /* LaunchScreen.storyboard in Resources */ = {isa = PBXBuildFile; fileRef = 4830CB0B1CAF626F006323DA /* LaunchScreen.storyboard */; };
		4830CB181CAF626F006323DA /* GA_Lesson_7_1Tests.swift in Sources */ = {isa = PBXBuildFile; fileRef = 4830CB171CAF626F006323DA /* GA_Lesson_7_1Tests.swift */; };
		4830CB231CAF626F006323DA /* GA_Lesson_7_1UITests.swift in Sources */ = {isa = PBXBuildFile; fileRef = 4830CB221CAF626F006323DA /* GA_Lesson_7_1UITests.swift */; };
/* End PBXBuildFile section */

/* Begin PBXContainerItemProxy section */
		4830CB141CAF626F006323DA /* PBXContainerItemProxy */ = {
			isa = PBXContainerItemProxy;
			containerPortal = 4830CAF71CAF626F006323DA /* Project object */;
			proxyType = 1;
			remoteGlobalIDString = 4830CAFE1CAF626F006323DA;
			remoteInfo = "GA Lesson 7.1";
		};
		4830CB1F1CAF626F006323DA /* PBXContainerItemProxy */ = {
			isa = PBXContainerItemProxy;
			containerPortal = 4830CAF71CAF626F006323DA /* Project object */;
			proxyType = 1;
			remoteGlobalIDString = 4830CAFE1CAF626F006323DA;
			remoteInfo = "GA Lesson 7.1";
		};
/* End PBXContainerItemProxy section */

/* Begin PBXFileReference section */
		4830CAFF1CAF626F006323DA /* GA Lesson 7.1.app */ = {isa = PBXFileReference; explicitFileType = wrapper.application; includeInIndex = 0; path = "GA Lesson 7.1.app"; sourceTree = BUILT_PRODUCTS_DIR; };
		4830CB021CAF626F006323DA /* AppDelegate.swift */ = {isa = PBXFileReference; lastKnownFileType = sourcecode.swift; path = AppDelegate.swift; sourceTree = "<group>"; };
		4830CB041CAF626F006323DA /* ViewController.swift */ = {isa = PBXFileReference; lastKnownFileType = sourcecode.swift; path = ViewController.swift; sourceTree = "<group>"; };
		4830CB071CAF626F006323DA /* Base */ = {isa = PBXFileReference; lastKnownFileType = file.storyboard; name = Base; path = Base.lproj/Main.storyboard; sourceTree = "<group>"; };
		4830CB091CAF626F006323DA /* Assets.xcassets */ = {isa = PBXFileReference; lastKnownFileType = folder.assetcatalog; path = Assets.xcassets; sourceTree = "<group>"; };
		4830CB0C1CAF626F006323DA /* Base */ = {isa = PBXFileReference; lastKnownFileType = file.storyboard; name = Base; path = Base.lproj/LaunchScreen.storyboard; sourceTree = "<group>"; };
		4830CB0E1CAF626F006323DA /* Info.plist */ = {isa = PBXFileReference; lastKnownFileType = text.plist.xml; path = Info.plist; sourceTree = "<group>"; };
		4830CB131CAF626F006323DA /* GA Lesson 7.1Tests.xctest */ = {isa = PBXFileReference; explicitFileType = wrapper.cfbundle; includeInIndex = 0; path = "GA Lesson 7.1Tests.xctest"; sourceTree = BUILT_PRODUCTS_DIR; };
		4830CB171CAF626F006323DA /* GA_Lesson_7_1Tests.swift */ = {isa = PBXFileReference; lastKnownFileType = sourcecode.swift; path = GA_Lesson_7_1Tests.swift; sourceTree = "<group>"; };
		4830CB191CAF626F006323DA /* Info.plist */ = {isa = PBXFileReference; lastKnownFileType = text.plist.xml; path = Info.plist; sourceTree = "<group>"; };
		4830CB1E1CAF626F006323DA /* GA Lesson 7.1UITests.xctest */ = {isa = PBXFileReference; explicitFileType = wrapper.cfbundle; includeInIndex = 0; path = "GA Lesson 7.1UITests.xctest"; sourceTree = BUILT_PRODUCTS_DIR; };
		4830CB221CAF626F006323DA /* GA_Lesson_7_1UITests.swift */ = {isa = PBXFileReference; lastKnownFileType = sourcecode.swift; path = GA_Lesson_7_1UITests.swift; sourceTree = "<group>"; };
		4830CB241CAF626F006323DA /* Info.plist */ = {isa = PBXFileReference; lastKnownFileType = text.plist.xml; path = Info.plist; sourceTree = "<group>"; };
/* End PBXFileReference section */

/* Begin PBXFrameworksBuildPhase section */
		4830CAFC1CAF626F006323DA /* Frameworks */ = {
			isa = PBXFrameworksBuildPhase;
			buildActionMask = 2147483647;
			files = (
			);
			runOnlyForDeploymentPostprocessing = 0;
		};
		4830CB101CAF626F006323DA /* Frameworks */ = {
			isa = PBXFrameworksBuildPhase;
			buildActionMask = 2147483647;
			files = (
			);
			runOnlyForDeploymentPostprocessing = 0;
		};
		4830CB1B1CAF626F006323DA /* Frameworks */ = {
			isa = PBXFrameworksBuildPhase;
			buildActionMask = 2147483647;
			files = (
			);
			runOnlyForDeploymentPostprocessing = 0;
		};
/* End PBXFrameworksBuildPhase section */

/* Begin PBXGroup section */
		4830CAF61CAF626F006323DA = {
			isa = PBXGroup;
			children = (
				4830CB011CAF626F006323DA /* GA Lesson 7.1 */,
				4830CB161CAF626F006323DA /* GA Lesson 7.1Tests */,
				4830CB211CAF626F006323DA /* GA Lesson 7.1UITests */,
				4830CB001CAF626F006323DA /* Products */,
			);
			sourceTree = "<group>";
		};
		4830CB001CAF626F006323DA /* Products */ = {
			isa = PBXGroup;
			children = (
				4830CAFF1CAF626F006323DA /* GA Lesson 7.1.app */,
				4830CB131CAF626F006323DA /* GA Lesson 7.1Tests.xctest */,
				4830CB1E1CAF626F006323DA /* GA Lesson 7.1UITests.xctest */,
			);
			name = Products;
			sourceTree = "<group>";
		};
		4830CB011CAF626F006323DA /* GA Lesson 7.1 */ = {
			isa = PBXGroup;
			children = (
				4830CB021CAF626F006323DA /* AppDelegate.swift */,
				4830CB041CAF626F006323DA /* ViewController.swift */,
				4830CB061CAF626F006323DA /* Main.storyboard */,
				4830CB091CAF626F006323DA /* Assets.xcassets */,
				4830CB0B1CAF626F006323DA /* LaunchScreen.storyboard */,
				4830CB0E1CAF626F006323DA /* Info.plist */,
			);
			path = "GA Lesson 7.1";
			sourceTree = "<group>";
		};
		4830CB161CAF626F006323DA /* GA Lesson 7.1Tests */ = {
			isa = PBXGroup;
			children = (
				4830CB171CAF626F006323DA /* GA_Lesson_7_1Tests.swift */,
				4830CB191CAF626F006323DA /* Info.plist */,
			);
			path = "GA Lesson 7.1Tests";
			sourceTree = "<group>";
		};
		4830CB211CAF626F006323DA /* GA Lesson 7.1UITests */ = {
			isa = PBXGroup;
			children = (
				4830CB221CAF626F006323DA /* GA_Lesson_7_1UITests.swift */,
				4830CB241CAF626F006323DA /* Info.plist */,
			);
			path = "GA Lesson 7.1UITests";
			sourceTree = "<group>";
		};
/* End PBXGroup section */

/* Begin PBXNativeTarget section */
		4830CAFE1CAF626F006323DA /* GA Lesson 7.1 */ = {
			isa = PBXNativeTarget;
			buildConfigurationList = 4830CB271CAF626F006323DA /* Build configuration list for PBXNativeTarget "GA Lesson 7.1" */;
			buildPhases = (
				4830CAFB1CAF626F006323DA /* Sources */,
				4830CAFC1CAF626F006323DA /* Frameworks */,
				4830CAFD1CAF626F006323DA /* Resources */,
			);
			buildRules = (
			);
			dependencies = (
			);
			name = "GA Lesson 7.1";
			productName = "GA Lesson 7.1";
			productReference = 4830CAFF1CAF626F006323DA /* GA Lesson 7.1.app */;
			productType = "com.apple.product-type.application";
		};
		4830CB121CAF626F006323DA /* GA Lesson 7.1Tests */ = {
			isa = PBXNativeTarget;
			buildConfigurationList = 4830CB2A1CAF626F006323DA /* Build configuration list for PBXNativeTarget "GA Lesson 7.1Tests" */;
			buildPhases = (
				4830CB0F1CAF626F006323DA /* Sources */,
				4830CB101CAF626F006323DA /* Frameworks */,
				4830CB111CAF626F006323DA /* Resources */,
			);
			buildRules = (
			);
			dependencies = (
				4830CB151CAF626F006323DA /* PBXTargetDependency */,
			);
			name = "GA Lesson 7.1Tests";
			productName = "GA Lesson 7.1Tests";
			productReference = 4830CB131CAF626F006323DA /* GA Lesson 7.1Tests.xctest */;
			productType = "com.apple.product-type.bundle.unit-test";
		};
		4830CB1D1CAF626F006323DA /* GA Lesson 7.1UITests */ = {
			isa = PBXNativeTarget;
			buildConfigurationList = 4830CB2D1CAF626F006323DA /* Build configuration list for PBXNativeTarget "GA Lesson 7.1UITests" */;
			buildPhases = (
				4830CB1A1CAF626F006323DA /* Sources */,
				4830CB1B1CAF626F006323DA /* Frameworks */,
				4830CB1C1CAF626F006323DA /* Resources */,
			);
			buildRules = (
			);
			dependencies = (
				4830CB201CAF626F006323DA /* PBXTargetDependency */,
			);
			name = "GA Lesson 7.1UITests";
			productName = "GA Lesson 7.1UITests";
			productReference = 4830CB1E1CAF626F006323DA /* GA Lesson 7.1UITests.xctest */;
			productType = "com.apple.product-type.bundle.ui-testing";
		};
/* End PBXNativeTarget section */

/* Begin PBXProject section */
		4830CAF71CAF626F006323DA /* Project object */ = {
			isa = PBXProject;
			attributes = {
				LastSwiftUpdateCheck = 0720;
				LastUpgradeCheck = 0720;
				ORGANIZATIONNAME = "Emma Ran Li";
				TargetAttributes = {
					4830CAFE1CAF626F006323DA = {
						CreatedOnToolsVersion = 7.2.1;
					};
					4830CB121CAF626F006323DA = {
						CreatedOnToolsVersion = 7.2.1;
						TestTargetID = 4830CAFE1CAF626F006323DA;
					};
					4830CB1D1CAF626F006323DA = {
						CreatedOnToolsVersion = 7.2.1;
						TestTargetID = 4830CAFE1CAF626F006323DA;
					};
				};
			};
			buildConfigurationList = 4830CAFA1CAF626F006323DA /* Build configuration list for PBXProject "GA Lesson 7.1" */;
			compatibilityVersion = "Xcode 3.2";
			developmentRegion = English;
			hasScannedForEncodings = 0;
			knownRegions = (
				en,
				Base,
			);
			mainGroup = 4830CAF61CAF626F006323DA;
			productRefGroup = 4830CB001CAF626F006323DA /* Products */;
			projectDirPath = "";
			projectRoot = "";
			targets = (
				4830CAFE1CAF626F006323DA /* GA Lesson 7.1 */,
				4830CB121CAF626F006323DA /* GA Lesson 7.1Tests */,
				4830CB1D1CAF626F006323DA /* GA Lesson 7.1UITests */,
			);
		};
/* End PBXProject section */

/* Begin PBXResourcesBuildPhase section */
		4830CAFD1CAF626F006323DA /* Resources */ = {
			isa = PBXResourcesBuildPhase;
			buildActionMask = 2147483647;
			files = (
				4830CB0D1CAF626F006323DA /* LaunchScreen.storyboard in Resources */,
				4830CB0A1CAF626F006323DA /* Assets.xcassets in Resources */,
				4830CB081CAF626F006323DA /* Main.storyboard in Resources */,
			);
			runOnlyForDeploymentPostprocessing = 0;
		};
		4830CB111CAF626F006323DA /* Resources */ = {
			isa = PBXResourcesBuildPhase;
			buildActionMask = 2147483647;
			files = (
			);
			runOnlyForDeploymentPostprocessing = 0;
		};
		4830CB1C1CAF626F006323DA /* Resources */ = {
			isa = PBXResourcesBuildPhase;
			buildActionMask = 2147483647;
			files = (
			);
			runOnlyForDeploymentPostprocessing = 0;
		};
/* End PBXResourcesBuildPhase section */

/* Begin PBXSourcesBuildPhase section */
		4830CAFB1CAF626F006323DA /* Sources */ = {
			isa = PBXSourcesBuildPhase;
			buildActionMask = 2147483647;
			files = (
				4830CB051CAF626F006323DA /* ViewController.swift in Sources */,
				4830CB031CAF626F006323DA /* AppDelegate.swift in Sources */,
			);
			runOnlyForDeploymentPostprocessing = 0;
		};
		4830CB0F1CAF626F006323DA /* Sources */ = {
			isa = PBXSourcesBuildPhase;
			buildActionMask = 2147483647;
			files = (
				4830CB181CAF626F006323DA /* GA_Lesson_7_1Tests.swift in Sources */,
			);
			runOnlyForDeploymentPostprocessing = 0;
		};
		4830CB1A1CAF626F006323DA /* Sources */ = {
			isa = PBXSourcesBuildPhase;
			buildActionMask = 2147483647;
			files = (
				4830CB231CAF626F006323DA /* GA_Lesson_7_1UITests.swift in Sources */,
			);
			runOnlyForDeploymentPostprocessing = 0;
		};
/* End PBXSourcesBuildPhase section */

/* Begin PBXTargetDependency section */
		4830CB151CAF626F006323DA /* PBXTargetDependency */ = {
			isa = PBXTargetDependency;
			target = 4830CAFE1CAF626F006323DA /* GA Lesson 7.1 */;
			targetProxy = 4830CB141CAF626F006323DA /* PBXContainerItemProxy */;
		};
		4830CB201CAF626F006323DA /* PBXTargetDependency */ = {
			isa = PBXTargetDependency;
			target = 4830CAFE1CAF626F006323DA /* GA Lesson 7.1 */;
			targetProxy = 4830CB1F1CAF626F006323DA /* PBXContainerItemProxy */;
		};
/* End PBXTargetDependency section */

/* Begin PBXVariantGroup section */
		4830CB061CAF626F006323DA /* Main.storyboard */ = {
			isa = PBXVariantGroup;
			children = (
				4830CB071CAF626F006323DA /* Base */,
			);
			name = Main.storyboard;
			sourceTree = "<group>";
		};
		4830CB0B1CAF626F006323DA /* LaunchScreen.storyboard */ = {
			isa = PBXVariantGroup;
			children = (
				4830CB0C1CAF626F006323DA /* Base */,
			);
			name = LaunchScreen.storyboard;
			sourceTree = "<group>";
		};
/* End PBXVariantGroup section */

/* Begin XCBuildConfiguration section */
		4830CB251CAF626F006323DA /* Debug */ = {
			isa = XCBuildConfiguration;
			buildSettings = {
				ALWAYS_SEARCH_USER_PATHS = NO;
				CLANG_CXX_LANGUAGE_STANDARD = "gnu++0x";
				CLANG_CXX_LIBRARY = "libc++";
				CLANG_ENABLE_MODULES = YES;
				CLANG_ENABLE_OBJC_ARC = YES;
				CLANG_WARN_BOOL_CONVERSION = YES;
				CLANG_WARN_CONSTANT_CONVERSION = YES;
				CLANG_WARN_DIRECT_OBJC_ISA_USAGE = YES_ERROR;
				CLANG_WARN_EMPTY_BODY = YES;
				CLANG_WARN_ENUM_CONVERSION = YES;
				CLANG_WARN_INT_CONVERSION = YES;
				CLANG_WARN_OBJC_ROOT_CLASS = YES_ERROR;
				CLANG_WARN_UNREACHABLE_CODE = YES;
				CLANG_WARN__DUPLICATE_METHOD_MATCH = YES;
				"CODE_SIGN_IDENTITY[sdk=iphoneos*]" = "iPhone Developer";
				COPY_PHASE_STRIP = NO;
				DEBUG_INFORMATION_FORMAT = dwarf;
				ENABLE_STRICT_OBJC_MSGSEND = YES;
				ENABLE_TESTABILITY = YES;
				GCC_C_LANGUAGE_STANDARD = gnu99;
				GCC_DYNAMIC_NO_PIC = NO;
				GCC_NO_COMMON_BLOCKS = YES;
				GCC_OPTIMIZATION_LEVEL = 0;
				GCC_PREPROCESSOR_DEFINITIONS = (
					"DEBUG=1",
					"$(inherited)",
				);
				GCC_WARN_64_TO_32_BIT_CONVERSION = YES;
				GCC_WARN_ABOUT_RETURN_TYPE = YES_ERROR;
				GCC_WARN_UNDECLARED_SELECTOR = YES;
				GCC_WARN_UNINITIALIZED_AUTOS = YES_AGGRESSIVE;
				GCC_WARN_UNUSED_FUNCTION = YES;
				GCC_WARN_UNUSED_VARIABLE = YES;
				IPHONEOS_DEPLOYMENT_TARGET = 9.2;
				MTL_ENABLE_DEBUG_INFO = YES;
				ONLY_ACTIVE_ARCH = YES;
				SDKROOT = iphoneos;
				SWIFT_OPTIMIZATION_LEVEL = "-Onone";
				TARGETED_DEVICE_FAMILY = "1,2";
			};
			name = Debug;
		};
		4830CB261CAF626F006323DA /* Release */ = {
			isa = XCBuildConfiguration;
			buildSettings = {
				ALWAYS_SEARCH_USER_PATHS = NO;
				CLANG_CXX_LANGUAGE_STANDARD = "gnu++0x";
				CLANG_CXX_LIBRARY = "libc++";
				CLANG_ENABLE_MODULES = YES;
				CLANG_ENABLE_OBJC_ARC = YES;
				CLANG_WARN_BOOL_CONVERSION = YES;
				CLANG_WARN_CONSTANT_CONVERSION = YES;
				CLANG_WARN_DIRECT_OBJC_ISA_USAGE = YES_ERROR;
				CLANG_WARN_EMPTY_BODY = YES;
				CLANG_WARN_ENUM_CONVERSION = YES;
				CLANG_WARN_INT_CONVERSION = YES;
				CLANG_WARN_OBJC_ROOT_CLASS = YES_ERROR;
				CLANG_WARN_UNREACHABLE_CODE = YES;
				CLANG_WARN__DUPLICATE_METHOD_MATCH = YES;
				"CODE_SIGN_IDENTITY[sdk=iphoneos*]" = "iPhone Developer";
				COPY_PHASE_STRIP = NO;
				DEBUG_INFORMATION_FORMAT = "dwarf-with-dsym";
				ENABLE_NS_ASSERTIONS = NO;
				ENABLE_STRICT_OBJC_MSGSEND = YES;
				GCC_C_LANGUAGE_STANDARD = gnu99;
				GCC_NO_COMMON_BLOCKS = YES;
				GCC_WARN_64_TO_32_BIT_CONVERSION = YES;
				GCC_WARN_ABOUT_RETURN_TYPE = YES_ERROR;
				GCC_WARN_UNDECLARED_SELECTOR = YES;
				GCC_WARN_UNINITIALIZED_AUTOS = YES_AGGRESSIVE;
				GCC_WARN_UNUSED_FUNCTION = YES;
				GCC_WARN_UNUSED_VARIABLE = YES;
				IPHONEOS_DEPLOYMENT_TARGET = 9.2;
				MTL_ENABLE_DEBUG_INFO = NO;
				SDKROOT = iphoneos;
				TARGETED_DEVICE_FAMILY = "1,2";
				VALIDATE_PRODUCT = YES;
			};
			name = Release;
		};
		4830CB281CAF626F006323DA /* Debug */ = {
			isa = XCBuildConfiguration;
			buildSettings = {
				ASSETCATALOG_COMPILER_APPICON_NAME = AppIcon;
				INFOPLIST_FILE = "GA Lesson 7.1/Info.plist";
				LD_RUNPATH_SEARCH_PATHS = "$(inherited) @executable_path/Frameworks";
				PRODUCT_BUNDLE_IDENTIFIER = "GA.GA-Lesson-7-1";
				PRODUCT_NAME = "$(TARGET_NAME)";
			};
			name = Debug;
		};
		4830CB291CAF626F006323DA /* Release */ = {
			isa = XCBuildConfiguration;
			buildSettings = {
				ASSETCATALOG_COMPILER_APPICON_NAME = AppIcon;
				INFOPLIST_FILE = "GA Lesson 7.1/Info.plist";
				LD_RUNPATH_SEARCH_PATHS = "$(inherited) @executable_path/Frameworks";
				PRODUCT_BUNDLE_IDENTIFIER = "GA.GA-Lesson-7-1";
				PRODUCT_NAME = "$(TARGET_NAME)";
			};
			name = Release;
		};
		4830CB2B1CAF626F006323DA /* Debug */ = {
			isa = XCBuildConfiguration;
			buildSettings = {
				BUNDLE_LOADER = "$(TEST_HOST)";
				INFOPLIST_FILE = "GA Lesson 7.1Tests/Info.plist";
				LD_RUNPATH_SEARCH_PATHS = "$(inherited) @executable_path/Frameworks @loader_path/Frameworks";
				PRODUCT_BUNDLE_IDENTIFIER = "GA.GA-Lesson-7-1Tests";
				PRODUCT_NAME = "$(TARGET_NAME)";
				TEST_HOST = "$(BUILT_PRODUCTS_DIR)/GA Lesson 7.1.app/GA Lesson 7.1";
			};
			name = Debug;
		};
		4830CB2C1CAF626F006323DA /* Release */ = {
			isa = XCBuildConfiguration;
			buildSettings = {
				BUNDLE_LOADER = "$(TEST_HOST)";
				INFOPLIST_FILE = "GA Lesson 7.1Tests/Info.plist";
				LD_RUNPATH_SEARCH_PATHS = "$(inherited) @executable_path/Frameworks @loader_path/Frameworks";
				PRODUCT_BUNDLE_IDENTIFIER = "GA.GA-Lesson-7-1Tests";
				PRODUCT_NAME = "$(TARGET_NAME)";
				TEST_HOST = "$(BUILT_PRODUCTS_DIR)/GA Lesson 7.1.app/GA Lesson 7.1";
			};
			name = Release;
		};
		4830CB2E1CAF626F006323DA /* Debug */ = {
			isa = XCBuildConfiguration;
			buildSettings = {
				INFOPLIST_FILE = "GA Lesson 7.1UITests/Info.plist";
				LD_RUNPATH_SEARCH_PATHS = "$(inherited) @executable_path/Frameworks @loader_path/Frameworks";
				PRODUCT_BUNDLE_IDENTIFIER = "GA.GA-Lesson-7-1UITests";
				PRODUCT_NAME = "$(TARGET_NAME)";
				TEST_TARGET_NAME = "GA Lesson 7.1";
				USES_XCTRUNNER = YES;
			};
			name = Debug;
		};
		4830CB2F1CAF626F006323DA /* Release */ = {
			isa = XCBuildConfiguration;
			buildSettings = {
				INFOPLIST_FILE = "GA Lesson 7.1UITests/Info.plist";
				LD_RUNPATH_SEARCH_PATHS = "$(inherited) @executable_path/Frameworks @loader_path/Frameworks";
				PRODUCT_BUNDLE_IDENTIFIER = "GA.GA-Lesson-7-1UITests";
				PRODUCT_NAME = "$(TARGET_NAME)";
				TEST_TARGET_NAME = "GA Lesson 7.1";
				USES_XCTRUNNER = YES;
			};
			name = Release;
		};
/* End XCBuildConfiguration section */

/* Begin XCConfigurationList section */
		4830CAFA1CAF626F006323DA /* Build configuration list for PBXProject "GA Lesson 7.1" */ = {
			isa = XCConfigurationList;
			buildConfigurations = (
				4830CB251CAF626F006323DA /* Debug */,
				4830CB261CAF626F006323DA /* Release */,
			);
			defaultConfigurationIsVisible = 0;
			defaultConfigurationName = Release;
		};
		4830CB271CAF626F006323DA /* Build configuration list for PBXNativeTarget "GA Lesson 7.1" */ = {
			isa = XCConfigurationList;
			buildConfigurations = (
				4830CB281CAF626F006323DA /* Debug */,
				4830CB291CAF626F006323DA /* Release */,
			);
			defaultConfigurationIsVisible = 0;
		};
		4830CB2A1CAF626F006323DA /* Build configuration list for PBXNativeTarget "GA Lesson 7.1Tests" */ = {
			isa = XCConfigurationList;
			buildConfigurations = (
				4830CB2B1CAF626F006323DA /* Debug */,
				4830CB2C1CAF626F006323DA /* Release */,
			);
			defaultConfigurationIsVisible = 0;
		};
		4830CB2D1CAF626F006323DA /* Build configuration list for PBXNativeTarget "GA Lesson 7.1UITests" */ = {
			isa = XCConfigurationList;
			buildConfigurations = (
				4830CB2E1CAF626F006323DA /* Debug */,
				4830CB2F1CAF626F006323DA /* Release */,
			);
			defaultConfigurationIsVisible = 0;
		};
/* End XCConfigurationList section */
	};
	rootObject = 4830CAF71CAF626F006323DA /* Project object */;
}
